{
  "requires": true,
  "lockfileVersion": 1,
  "dependencies": {
    "sharifbubuka-frame-print": {
      "version": "1.0.0",
      "resolved": "https://registry.npmjs.org/sharifbubuka-frame-print/-/sharifbubuka-frame-print-1.0.0.tgz",
      "integrity": "sha512-YkjjMI906njc02KN828NBb6i/ZdJfKUiu/x56yb7m6NbZk08sBipwXiLWGT79xCthB0I78HNybOECFMgLSzj9w=="
    }
  }
}
